
Microsoft Visual Studio Solution File, Format Version 12.00
# Visual Studio 2013
VisualStudioVersion = 12.0.21005.1
MinimumVisualStudioVersion = 10.0.40219.1
Project("{FAE04EC0-301F-11D3-BF4B-00C04F79EFBC}") = "LitJson", "LitJson.csproj", "{8EAE7BC6-5747-4DD6-9FC1-5CB5246E941B}"
EndProject
Project("{FAE04EC0-301F-11D3-BF4B-00C04F79EFBC}") = "ResMgr", "ResMgr.csproj", "{7ED107F9-0FD0-49A4-8782-DC00C74F6D39}"
	ProjectSection(ProjectDependencies) = postProject
		{8EAE7BC6-5747-4DD6-9FC1-5CB5246E941B} = {8EAE7BC6-5747-4DD6-9FC1-5CB5246E941B}
	EndProjectSection
EndProject
Project("{FAE04EC0-301F-11D3-BF4B-00C04F79EFBC}") = "UITween", "UITween.csproj", "{56EE0A6F-4AA7-46E0-A426-87A256C97834}"
EndProject
Project("{FAE04EC0-301F-11D3-BF4B-00C04F79EFBC}") = "FingerGestures", "FingerGestures.csproj", "{F7640858-FB19-4BD8-93EB-339E2113587F}"
EndProject
Global
	GlobalSection(SolutionConfigurationPlatforms) = preSolution
		Debug|Any CPU = Debug|Any CPU
		Release|Any CPU = Release|Any CPU
	EndGlobalSection
	GlobalSection(ProjectConfigurationPlatforms) = postSolution
		{8EAE7BC6-5747-4DD6-9FC1-5CB5246E941B}.Debug|Any CPU.ActiveCfg = Debug|Any CPU
		{8EAE7BC6-5747-4DD6-9FC1-5CB5246E941B}.Debug|Any CPU.Build.0 = Debug|Any CPU
		{8EAE7BC6-5747-4DD6-9FC1-5CB5246E941B}.Release|Any CPU.ActiveCfg = Release|Any CPU
		{8EAE7BC6-5747-4DD6-9FC1-5CB5246E941B}.Release|Any CPU.Build.0 = Release|Any CPU
		{7ED107F9-0FD0-49A4-8782-DC00C74F6D39}.Debug|Any CPU.ActiveCfg = Debug|Any CPU
		{7ED107F9-0FD0-49A4-8782-DC00C74F6D39}.Debug|Any CPU.Build.0 = Debug|Any CPU
		{7ED107F9-0FD0-49A4-8782-DC00C74F6D39}.Release|Any CPU.ActiveCfg = Release|Any CPU
		{7ED107F9-0FD0-49A4-8782-DC00C74F6D39}.Release|Any CPU.Build.0 = Release|Any CPU
		{56EE0A6F-4AA7-46E0-A426-87A256C97834}.Debug|Any CPU.ActiveCfg = Debug|Any CPU
		{56EE0A6F-4AA7-46E0-A426-87A256C97834}.Debug|Any CPU.Build.0 = Debug|Any CPU
		{56EE0A6F-4AA7-46E0-A426-87A256C97834}.Release|Any CPU.ActiveCfg = Release|Any CPU
		{56EE0A6F-4AA7-46E0-A426-87A256C97834}.Release|Any CPU.Build.0 = Release|Any CPU
		{F7640858-FB19-4BD8-93EB-339E2113587F}.Debug|Any CPU.ActiveCfg = Debug|Any CPU
		{F7640858-FB19-4BD8-93EB-339E2113587F}.Debug|Any CPU.Build.0 = Debug|Any CPU
		{F7640858-FB19-4BD8-93EB-339E2113587F}.Release|Any CPU.ActiveCfg = Release|Any CPU
		{F7640858-FB19-4BD8-93EB-339E2113587F}.Release|Any CPU.Build.0 = Release|Any CPU
	EndGlobalSection
	GlobalSection(SolutionProperties) = preSolution
		HideSolutionNode = FALSE
	EndGlobalSection
EndGlobal
